// !$*UTF8*$!
{
	archiveVersion = 1;
	classes = {
	};
	objectVersion = 77;
	objects = {

/* Begin PBXBuildFile section */
		0731E23085E4D0897F29044F /* BLEManager.swift in Sources */ = {isa = PBXBuildFile; fileRef = 4E630DF9BB1658E370B72E2C /* BLEManager.swift */; };
		153ED54B24323FA248CD42DF /* BikeComputerApp.swift in Sources */ = {isa = PBXBuildFile; fileRef = 31CE75F4C7FC66ED8A59EDC2 /* BikeComputerApp.swift */; };
		210D3C828886990EB55FC512 /* StatusView.swift in Sources */ = {isa = PBXBuildFile; fileRef = 3B3A0F95D81A30E3BE936F63 /* StatusView.swift */; };
		24B8C7BA585004C7BF7E234B /* RideRepository.swift in Sources */ = {isa = PBXBuildFile; fileRef = 04762F507D4B5FA85358F417 /* RideRepository.swift */; };
		2CB402672185CCEB75801BD7 /* Ride.swift in Sources */ = {isa = PBXBuildFile; fileRef = 95C431CAD2F03B0F38122836 /* Ride.swift */; };
		3AFFEFD448E581A45FEAD422 /* DeviceRepository.swift in Sources */ = {isa = PBXBuildFile; fileRef = 5771BD2C45E651F0F1045C22 /* DeviceRepository.swift */; };
		5FC74845599A315E368BFF84 /* MCUPeripheral.swift in Sources */ = {isa = PBXBuildFile; fileRef = 0FA965CA32A1B388C83E6E80 /* MCUPeripheral.swift */; };
		63CC69FA5FD6A857F59098AC /* HealthKitService.swift in Sources */ = {isa = PBXBuildFile; fileRef = 8D2AFDCEA0666679F614FD3C /* HealthKitService.swift */; };
		7922595498B4E49B27BA2AD2 /* RideStore.swift in Sources */ = {isa = PBXBuildFile; fileRef = 24B9239971A398F392CFD802 /* RideStore.swift */; };
		9C94DAE5E2C6EC2FD270FC9E /* DataPoint.swift in Sources */ = {isa = PBXBuildFile; fileRef = 4163F4BE17AF3EB70E5C181F /* DataPoint.swift */; };
		A15FD5EC0DE6DB6B328FA013 /* DetectRides.swift in Sources */ = {isa = PBXBuildFile; fileRef = A414C929355ACFD0FE535604 /* DetectRides.swift */; };
		A45B32BDC0742D1AE1B8F067 /* GpsAnchor.swift in Sources */ = {isa = PBXBuildFile; fileRef = 07581E0084B4FDF591E5B0F3 /* GpsAnchor.swift */; };
		B142345962AE226C05A7C6C3 /* AppModel.swift in Sources */ = {isa = PBXBuildFile; fileRef = 00536A024294970FFA35AE4B /* AppModel.swift */; };
		B5CAFE52D5657E9F978B184D /* ContentView.swift in Sources */ = {isa = PBXBuildFile; fileRef = C7CD4399A994254FAA60176E /* ContentView.swift */; };
		BAE47F53BB4E7431AC383D5D /* RideListView.swift in Sources */ = {isa = PBXBuildFile; fileRef = CCC589A5C12AF69232E644FE /* RideListView.swift */; };
		CA24197487531FA484700B3C /* PairingView.swift in Sources */ = {isa = PBXBuildFile; fileRef = F0966E60A912677561728AA0 /* PairingView.swift */; };
		D2DD14F030FFAAB38DBFBE82 /* CalculateMetrics.swift in Sources */ = {isa = PBXBuildFile; fileRef = 1037C475A72BEFF4DB588DDC /* CalculateMetrics.swift */; };
		E44D8E65FCB89A22A2DCCDE9 /* RideDetailView.swift in Sources */ = {isa = PBXBuildFile; fileRef = 61B442C5CA2BCD0D17D3D974 /* RideDetailView.swift */; };
/* End PBXBuildFile section */

/* Begin PBXFileReference section */
		00536A024294970FFA35AE4B /* AppModel.swift */ = {isa = PBXFileReference; lastKnownFileType = sourcecode.swift; path = AppModel.swift; sourceTree = "<group>"; };
		04762F507D4B5FA85358F417 /* RideRepository.swift */ = {isa = PBXFileReference; lastKnownFileType = sourcecode.swift; path = RideRepository.swift; sourceTree = "<group>"; };
		07581E0084B4FDF591E5B0F3 /* GpsAnchor.swift */ = {isa = PBXFileReference; lastKnownFileType = sourcecode.swift; path = GpsAnchor.swift; sourceTree = "<group>"; };
		0FA965CA32A1B388C83E6E80 /* MCUPeripheral.swift */ = {isa = PBXFileReference; lastKnownFileType = sourcecode.swift; path = MCUPeripheral.swift; sourceTree = "<group>"; };
		1037C475A72BEFF4DB588DDC /* CalculateMetrics.swift */ = {isa = PBXFileReference; lastKnownFileType = sourcecode.swift; path = CalculateMetrics.swift; sourceTree = "<group>"; };
		24B9239971A398F392CFD802 /* RideStore.swift */ = {isa = PBXFileReference; lastKnownFileType = sourcecode.swift; path = RideStore.swift; sourceTree = "<group>"; };
		31CE75F4C7FC66ED8A59EDC2 /* BikeComputerApp.swift */ = {isa = PBXFileReference; lastKnownFileType = sourcecode.swift; path = BikeComputerApp.swift; sourceTree = "<group>"; };
		3B3A0F95D81A30E3BE936F63 /* StatusView.swift */ = {isa = PBXFileReference; lastKnownFileType = sourcecode.swift; path = StatusView.swift; sourceTree = "<group>"; };
		4163F4BE17AF3EB70E5C181F /* DataPoint.swift */ = {isa = PBXFileReference; lastKnownFileType = sourcecode.swift; path = DataPoint.swift; sourceTree = "<group>"; };
		440E5289AACC3C9DE85BAD3A /* Info.plist */ = {isa = PBXFileReference; lastKnownFileType = text.plist; path = Info.plist; sourceTree = "<group>"; };
		4E630DF9BB1658E370B72E2C /* BLEManager.swift */ = {isa = PBXFileReference; lastKnownFileType = sourcecode.swift; path = BLEManager.swift; sourceTree = "<group>"; };
		5771BD2C45E651F0F1045C22 /* DeviceRepository.swift */ = {isa = PBXFileReference; lastKnownFileType = sourcecode.swift; path = DeviceRepository.swift; sourceTree = "<group>"; };
		61B442C5CA2BCD0D17D3D974 /* RideDetailView.swift */ = {isa = PBXFileReference; lastKnownFileType = sourcecode.swift; path = RideDetailView.swift; sourceTree = "<group>"; };
		8D2AFDCEA0666679F614FD3C /* HealthKitService.swift */ = {isa = PBXFileReference; lastKnownFileType = sourcecode.swift; path = HealthKitService.swift; sourceTree = "<group>"; };
		95C431CAD2F03B0F38122836 /* Ride.swift */ = {isa = PBXFileReference; lastKnownFileType = sourcecode.swift; path = Ride.swift; sourceTree = "<group>"; };
		9721BEDF6537BE25323D6BF9 /* BikeComputer.entitlements */ = {isa = PBXFileReference; lastKnownFileType = text.plist.entitlements; path = BikeComputer.entitlements; sourceTree = "<group>"; };
		A414C929355ACFD0FE535604 /* DetectRides.swift */ = {isa = PBXFileReference; lastKnownFileType = sourcecode.swift; path = DetectRides.swift; sourceTree = "<group>"; };
		A86431B957F9BA0BA855990B /* BikeComputer.app */ = {isa = PBXFileReference; includeInIndex = 0; lastKnownFileType = wrapper.application; path = BikeComputer.app; sourceTree = BUILT_PRODUCTS_DIR; };
		C7CD4399A994254FAA60176E /* ContentView.swift */ = {isa = PBXFileReference; lastKnownFileType = sourcecode.swift; path = ContentView.swift; sourceTree = "<group>"; };
		CCC589A5C12AF69232E644FE /* RideListView.swift */ = {isa = PBXFileReference; lastKnownFileType = sourcecode.swift; path = RideListView.swift; sourceTree = "<group>"; };
		F0966E60A912677561728AA0 /* PairingView.swift */ = {isa = PBXFileReference; lastKnownFileType = sourcecode.swift; path = PairingView.swift; sourceTree = "<group>"; };
/* End PBXFileReference section */

/* Begin PBXGroup section */
		085D9488FCF8F5CA1546A0D7 /* App */ = {
			isa = PBXGroup;
			children = (
				9721BEDF6537BE25323D6BF9 /* BikeComputer.entitlements */,
				31CE75F4C7FC66ED8A59EDC2 /* BikeComputerApp.swift */,
				C7CD4399A994254FAA60176E /* ContentView.swift */,
				440E5289AACC3C9DE85BAD3A /* Info.plist */,
			);
			path = App;
			sourceTree = "<group>";
		};
		24518F865D937039BBD56312 /* Products */ = {
			isa = PBXGroup;
			children = (
				A86431B957F9BA0BA855990B /* BikeComputer.app */,
			);
			name = Products;
			sourceTree = "<group>";
		};
		42DF71F4AAB74325080F240D /* Status */ = {
			isa = PBXGroup;
			children = (
				3B3A0F95D81A30E3BE936F63 /* StatusView.swift */,
			);
			path = Status;
			sourceTree = "<group>";
		};
		441A7B5E8DF0433D9F8EF67C /* Repositories */ = {
			isa = PBXGroup;
			children = (
				5771BD2C45E651F0F1045C22 /* DeviceRepository.swift */,
				04762F507D4B5FA85358F417 /* RideRepository.swift */,
			);
			path = Repositories;
			sourceTree = "<group>";
		};
		4F1A931D781425E63492EF02 /* BikeComputer */ = {
			isa = PBXGroup;
			children = (
				085D9488FCF8F5CA1546A0D7 /* App */,
				6DECAF6FE2FA4BC470595AD5 /* Data */,
				88B5D5AD4A59FF99588E27C2 /* Domain */,
				EF385A42C385CAFE4BEF7F2A /* Presentation */,
			);
			path = BikeComputer;
			sourceTree = "<group>";
		};
		5E1EDB3CA2BA026BCF24CD73 /* UseCases */ = {
			isa = PBXGroup;
			children = (
				1037C475A72BEFF4DB588DDC /* CalculateMetrics.swift */,
				A414C929355ACFD0FE535604 /* DetectRides.swift */,
			);
			path = UseCases;
			sourceTree = "<group>";
		};
		62E4E8F8A469F6D905BCBAA1 = {
			isa = PBXGroup;
			children = (
				4F1A931D781425E63492EF02 /* BikeComputer */,
				24518F865D937039BBD56312 /* Products */,
			);
			sourceTree = "<group>";
		};
		6DECAF6FE2FA4BC470595AD5 /* Data */ = {
			isa = PBXGroup;
			children = (
				CE5947C1BC4256AA7F421AEA /* BLE */,
				E71D195651CF572111DC16C8 /* Health */,
				8A5A676E489538F741A76E69 /* Persistence */,
			);
			path = Data;
			sourceTree = "<group>";
		};
		88B5D5AD4A59FF99588E27C2 /* Domain */ = {
			isa = PBXGroup;
			children = (
				C3938960497FC5575A16AF32 /* Models */,
				441A7B5E8DF0433D9F8EF67C /* Repositories */,
				5E1EDB3CA2BA026BCF24CD73 /* UseCases */,
			);
			path = Domain;
			sourceTree = "<group>";
		};
		8A5A676E489538F741A76E69 /* Persistence */ = {
			isa = PBXGroup;
			children = (
				24B9239971A398F392CFD802 /* RideStore.swift */,
			);
			path = Persistence;
			sourceTree = "<group>";
		};
		C3938960497FC5575A16AF32 /* Models */ = {
			isa = PBXGroup;
			children = (
				4163F4BE17AF3EB70E5C181F /* DataPoint.swift */,
				07581E0084B4FDF591E5B0F3 /* GpsAnchor.swift */,
				95C431CAD2F03B0F38122836 /* Ride.swift */,
			);
			path = Models;
			sourceTree = "<group>";
		};
		C5ACBAC7DCD3397856A80468 /* Pairing */ = {
			isa = PBXGroup;
			children = (
				F0966E60A912677561728AA0 /* PairingView.swift */,
			);
			path = Pairing;
			sourceTree = "<group>";
		};
		CE5947C1BC4256AA7F421AEA /* BLE */ = {
			isa = PBXGroup;
			children = (
				4E630DF9BB1658E370B72E2C /* BLEManager.swift */,
				0FA965CA32A1B388C83E6E80 /* MCUPeripheral.swift */,
			);
			path = BLE;
			sourceTree = "<group>";
		};
		E71D195651CF572111DC16C8 /* Health */ = {
			isa = PBXGroup;
			children = (
				8D2AFDCEA0666679F614FD3C /* HealthKitService.swift */,
			);
			path = Health;
			sourceTree = "<group>";
		};
		EF385A42C385CAFE4BEF7F2A /* Presentation */ = {
			isa = PBXGroup;
			children = (
				00536A024294970FFA35AE4B /* AppModel.swift */,
				C5ACBAC7DCD3397856A80468 /* Pairing */,
				FC344B3656CA39474D24B896 /* Rides */,
				42DF71F4AAB74325080F240D /* Status */,
			);
			path = Presentation;
			sourceTree = "<group>";
		};
		FC344B3656CA39474D24B896 /* Rides */ = {
			isa = PBXGroup;
			children = (
				61B442C5CA2BCD0D17D3D974 /* RideDetailView.swift */,
				CCC589A5C12AF69232E644FE /* RideListView.swift */,
			);
			path = Rides;
			sourceTree = "<group>";
		};
/* End PBXGroup section */

/* Begin PBXNativeTarget section */
		95C5313237229F94B32245E1 /* BikeComputer */ = {
			isa = PBXNativeTarget;
			buildConfigurationList = 2594CC448CE5345BF05E0F6D /* Build configuration list for PBXNativeTarget "BikeComputer" */;
			buildPhases = (
				0569E516D0342FB793274BF1 /* Sources */,
			);
			buildRules = (
			);
			dependencies = (
			);
			name = BikeComputer;
			packageProductDependencies = (
			);
			productName = BikeComputer;
			productReference = A86431B957F9BA0BA855990B /* BikeComputer.app */;
			productType = "com.apple.product-type.application";
		};
/* End PBXNativeTarget section */

/* Begin PBXProject section */
		8EFE4C573185E3DA985465CD /* Project object */ = {
			isa = PBXProject;
			attributes = {
				BuildIndependentTargetsInParallel = YES;
				LastUpgradeCheck = 1640;
				TargetAttributes = {
					95C5313237229F94B32245E1 = {
						DevelopmentTeam = "";
						ProvisioningStyle = Automatic;
					};
				};
			};
			buildConfigurationList = 7EE0993E69443EFEF5EAABE0 /* Build configuration list for PBXProject "BikeComputer" */;
			developmentRegion = en;
			hasScannedForEncodings = 0;
			knownRegions = (
				Base,
				en,
			);
			mainGroup = 62E4E8F8A469F6D905BCBAA1;
			minimizedProjectReferenceProxies = 1;
			preferredProjectObjectVersion = 77;
			productRefGroup = 24518F865D937039BBD56312 /* Products */;
			projectDirPath = "";
			projectRoot = "";
			targets = (
				95C5313237229F94B32245E1 /* BikeComputer */,
			);
		};
/* End PBXProject section */

/* Begin PBXSourcesBuildPhase section */
		0569E516D0342FB793274BF1 /* Sources */ = {
			isa = PBXSourcesBuildPhase;
			buildActionMask = 2147483647;
			files = (
				B142345962AE226C05A7C6C3 /* AppModel.swift in Sources */,
				0731E23085E4D0897F29044F /* BLEManager.swift in Sources */,
				153ED54B24323FA248CD42DF /* BikeComputerApp.swift in Sources */,
				D2DD14F030FFAAB38DBFBE82 /* CalculateMetrics.swift in Sources */,
				B5CAFE52D5657E9F978B184D /* ContentView.swift in Sources */,
				9C94DAE5E2C6EC2FD270FC9E /* DataPoint.swift in Sources */,
				A15FD5EC0DE6DB6B328FA013 /* DetectRides.swift in Sources */,
				3AFFEFD448E581A45FEAD422 /* DeviceRepository.swift in Sources */,
				A45B32BDC0742D1AE1B8F067 /* GpsAnchor.swift in Sources */,
				63CC69FA5FD6A857F59098AC /* HealthKitService.swift in Sources */,
				5FC74845599A315E368BFF84 /* MCUPeripheral.swift in Sources */,
				CA24197487531FA484700B3C /* PairingView.swift in Sources */,
				2CB402672185CCEB75801BD7 /* Ride.swift in Sources */,
				E44D8E65FCB89A22A2DCCDE9 /* RideDetailView.swift in Sources */,
				BAE47F53BB4E7431AC383D5D /* RideListView.swift in Sources */,
				24B8C7BA585004C7BF7E234B /* RideRepository.swift in Sources */,
				7922595498B4E49B27BA2AD2 /* RideStore.swift in Sources */,
				210D3C828886990EB55FC512 /* StatusView.swift in Sources */,
			);
			runOnlyForDeploymentPostprocessing = 0;
		};
/* End PBXSourcesBuildPhase section */

/* Begin XCBuildConfiguration section */
		0F7FECF93F41AE3C812E39E8 /* Debug */ = {
			isa = XCBuildConfiguration;
			buildSettings = {
				ALWAYS_SEARCH_USER_PATHS = NO;
				CLANG_ANALYZER_NONNULL = YES;
				CLANG_ANALYZER_NUMBER_OBJECT_CONVERSION = YES_AGGRESSIVE;
				CLANG_CXX_LANGUAGE_STANDARD = "gnu++14";
				CLANG_CXX_LIBRARY = "libc++";
				CLANG_ENABLE_MODULES = YES;
				CLANG_ENABLE_OBJC_ARC = YES;
				CLANG_ENABLE_OBJC_WEAK = YES;
				CLANG_WARN_BLOCK_CAPTURE_AUTORELEASING = YES;
				CLANG_WARN_BOOL_CONVERSION = YES;
				CLANG_WARN_COMMA = YES;
				CLANG_WARN_CONSTANT_CONVERSION = YES;
				CLANG_WARN_DEPRECATED_OBJC_IMPLEMENTATIONS = YES;
				CLANG_WARN_DIRECT_OBJC_ISA_USAGE = YES_ERROR;
				CLANG_WARN_DOCUMENTATION_COMMENTS = YES;
				CLANG_WARN_EMPTY_BODY = YES;
				CLANG_WARN_ENUM_CONVERSION = YES;
				CLANG_WARN_INFINITE_RECURSION = YES;
				CLANG_WARN_INT_CONVERSION = YES;
				CLANG_WARN_NON_LITERAL_NULL_CONVERSION = YES;
				CLANG_WARN_OBJC_IMPLICIT_RETAIN_SELF = YES;
				CLANG_WARN_OBJC_LITERAL_CONVERSION = YES;
				CLANG_WARN_OBJC_ROOT_CLASS = YES_ERROR;
				CLANG_WARN_QUOTED_INCLUDE_IN_FRAMEWORK_HEADER = YES;
				CLANG_WARN_RANGE_LOOP_ANALYSIS = YES;
				CLANG_WARN_STRICT_PROTOTYPES = YES;
				CLANG_WARN_SUSPICIOUS_MOVE = YES;
				CLANG_WARN_UNGUARDED_AVAILABILITY = YES_AGGRESSIVE;
				CLANG_WARN_UNREACHABLE_CODE = YES;
				CLANG_WARN__DUPLICATE_METHOD_MATCH = YES;
				COPY_PHASE_STRIP = NO;
				DEBUG_INFORMATION_FORMAT = dwarf;
				ENABLE_STRICT_CONCURRENCY = complete;
				ENABLE_STRICT_OBJC_MSGSEND = YES;
				ENABLE_TESTABILITY = YES;
				GCC_C_LANGUAGE_STANDARD = gnu11;
				GCC_DYNAMIC_NO_PIC = NO;
				GCC_NO_COMMON_BLOCKS = YES;
				GCC_OPTIMIZATION_LEVEL = 0;
				GCC_PREPROCESSOR_DEFINITIONS = (
					"$(inherited)",
					"DEBUG=1",
				);
				GCC_WARN_64_TO_32_BIT_CONVERSION = YES;
				GCC_WARN_ABOUT_RETURN_TYPE = YES_ERROR;
				GCC_WARN_UNDECLARED_SELECTOR = YES;
				GCC_WARN_UNINITIALIZED_AUTOS = YES_AGGRESSIVE;
				GCC_WARN_UNUSED_FUNCTION = YES;
				GCC_WARN_UNUSED_VARIABLE = YES;
				IPHONEOS_DEPLOYMENT_TARGET = 26.0;
				MTL_ENABLE_DEBUG_INFO = INCLUDE_SOURCE;
				MTL_FAST_MATH = YES;
				ONLY_ACTIVE_ARCH = YES;
				PRODUCT_NAME = "$(TARGET_NAME)";
				SDKROOT = iphoneos;
				SWIFT_ACTIVE_COMPILATION_CONDITIONS = DEBUG;
				SWIFT_OPTIMIZATION_LEVEL = "-Onone";
				SWIFT_STRICT_CONCURRENCY = complete;
				SWIFT_VERSION = 6.0;
			};
			name = Debug;
		};
		32F28672383130483973C91A /* Release */ = {
			isa = XCBuildConfiguration;
			buildSettings = {
				ALWAYS_SEARCH_USER_PATHS = NO;
				CLANG_ANALYZER_NONNULL = YES;
				CLANG_ANALYZER_NUMBER_OBJECT_CONVERSION = YES_AGGRESSIVE;
				CLANG_CXX_LANGUAGE_STANDARD = "gnu++14";
				CLANG_CXX_LIBRARY = "libc++";
				CLANG_ENABLE_MODULES = YES;
				CLANG_ENABLE_OBJC_ARC = YES;
				CLANG_ENABLE_OBJC_WEAK = YES;
				CLANG_WARN_BLOCK_CAPTURE_AUTORELEASING = YES;
				CLANG_WARN_BOOL_CONVERSION = YES;
				CLANG_WARN_COMMA = YES;
				CLANG_WARN_CONSTANT_CONVERSION = YES;
				CLANG_WARN_DEPRECATED_OBJC_IMPLEMENTATIONS = YES;
				CLANG_WARN_DIRECT_OBJC_ISA_USAGE = YES_ERROR;
				CLANG_WARN_DOCUMENTATION_COMMENTS = YES;
				CLANG_WARN_EMPTY_BODY = YES;
				CLANG_WARN_ENUM_CONVERSION = YES;
				CLANG_WARN_INFINITE_RECURSION = YES;
				CLANG_WARN_INT_CONVERSION = YES;
				CLANG_WARN_NON_LITERAL_NULL_CONVERSION = YES;
				CLANG_WARN_OBJC_IMPLICIT_RETAIN_SELF = YES;
				CLANG_WARN_OBJC_LITERAL_CONVERSION = YES;
				CLANG_WARN_OBJC_ROOT_CLASS = YES_ERROR;
				CLANG_WARN_QUOTED_INCLUDE_IN_FRAMEWORK_HEADER = YES;
				CLANG_WARN_RANGE_LOOP_ANALYSIS = YES;
				CLANG_WARN_STRICT_PROTOTYPES = YES;
				CLANG_WARN_SUSPICIOUS_MOVE = YES;
				CLANG_WARN_UNGUARDED_AVAILABILITY = YES_AGGRESSIVE;
				CLANG_WARN_UNREACHABLE_CODE = YES;
				CLANG_WARN__DUPLICATE_METHOD_MATCH = YES;
				COPY_PHASE_STRIP = NO;
				DEBUG_INFORMATION_FORMAT = "dwarf-with-dsym";
				ENABLE_NS_ASSERTIONS = NO;
				ENABLE_STRICT_CONCURRENCY = complete;
				ENABLE_STRICT_OBJC_MSGSEND = YES;
				GCC_C_LANGUAGE_STANDARD = gnu11;
				GCC_NO_COMMON_BLOCKS = YES;
				GCC_WARN_64_TO_32_BIT_CONVERSION = YES;
				GCC_WARN_ABOUT_RETURN_TYPE = YES_ERROR;
				GCC_WARN_UNDECLARED_SELECTOR = YES;
				GCC_WARN_UNINITIALIZED_AUTOS = YES_AGGRESSIVE;
				GCC_WARN_UNUSED_FUNCTION = YES;
				GCC_WARN_UNUSED_VARIABLE = YES;
				IPHONEOS_DEPLOYMENT_TARGET = 26.0;
				MTL_ENABLE_DEBUG_INFO = NO;
				MTL_FAST_MATH = YES;
				PRODUCT_NAME = "$(TARGET_NAME)";
				SDKROOT = iphoneos;
				SWIFT_COMPILATION_MODE = wholemodule;
				SWIFT_OPTIMIZATION_LEVEL = "-O";
				SWIFT_STRICT_CONCURRENCY = complete;
				SWIFT_VERSION = 6.0;
			};
			name = Release;
		};
		852B7218585D7F2272537402 /* Debug */ = {
			isa = XCBuildConfiguration;
			buildSettings = {
				ASSETCATALOG_COMPILER_APPICON_NAME = AppIcon;
				CODE_SIGN_ENTITLEMENTS = BikeComputer/App/BikeComputer.entitlements;
				CODE_SIGN_IDENTITY = "iPhone Developer";
				CODE_SIGN_STYLE = Automatic;
				DEVELOPMENT_TEAM = "";
				INFOPLIST_FILE = BikeComputer/App/Info.plist;
				IPHONEOS_DEPLOYMENT_TARGET = 26.0;
				LD_RUNPATH_SEARCH_PATHS = (
					"$(inherited)",
					"@executable_path/Frameworks",
				);
				PRODUCT_BUNDLE_IDENTIFIER = com.galaiko.BikeComputer;
				SDKROOT = iphoneos;
				TARGETED_DEVICE_FAMILY = "1,2";
			};
			name = Debug;
		};
		D9D71C8C55DECD530ADA52D7 /* Release */ = {
			isa = XCBuildConfiguration;
			buildSettings = {
				ASSETCATALOG_COMPILER_APPICON_NAME = AppIcon;
				CODE_SIGN_ENTITLEMENTS = BikeComputer/App/BikeComputer.entitlements;
				CODE_SIGN_IDENTITY = "iPhone Developer";
				CODE_SIGN_STYLE = Automatic;
				DEVELOPMENT_TEAM = "";
				INFOPLIST_FILE = BikeComputer/App/Info.plist;
				IPHONEOS_DEPLOYMENT_TARGET = 26.0;
				LD_RUNPATH_SEARCH_PATHS = (
					"$(inherited)",
					"@executable_path/Frameworks",
				);
				PRODUCT_BUNDLE_IDENTIFIER = com.galaiko.BikeComputer;
				SDKROOT = iphoneos;
				TARGETED_DEVICE_FAMILY = "1,2";
			};
			name = Release;
		};
/* End XCBuildConfiguration section */

/* Begin XCConfigurationList section */
		2594CC448CE5345BF05E0F6D /* Build configuration list for PBXNativeTarget "BikeComputer" */ = {
			isa = XCConfigurationList;
			buildConfigurations = (
				852B7218585D7F2272537402 /* Debug */,
				D9D71C8C55DECD530ADA52D7 /* Release */,
			);
			defaultConfigurationIsVisible = 0;
			defaultConfigurationName = Debug;
		};
		7EE0993E69443EFEF5EAABE0 /* Build configuration list for PBXProject "BikeComputer" */ = {
			isa = XCConfigurationList;
			buildConfigurations = (
				0F7FECF93F41AE3C812E39E8 /* Debug */,
				32F28672383130483973C91A /* Release */,
			);
			defaultConfigurationIsVisible = 0;
			defaultConfigurationName = Debug;
		};
/* End XCConfigurationList section */
	};
	rootObject = 8EFE4C573185E3DA985465CD /* Project object */;
}
